// !$*UTF8*$!
{
	archiveVersion = 1;
	classes = {
	};
	objectVersion = 46;
	objects = {

/* Begin PBXBuildFile section */
		FE814ECE1AD9D1E5007947FD /* main.m in Sources */ = {isa = PBXBuildFile; fileRef = FE814ECD1AD9D1E5007947FD /* main.m */; };
		FE814ED11AD9D1E5007947FD /* AppDelegate.m in Sources */ = {isa = PBXBuildFile; fileRef = FE814ED01AD9D1E5007947FD /* AppDelegate.m */; };
		FE814ED41AD9D1E5007947FD /* ViewController.m in Sources */ = {isa = PBXBuildFile; fileRef = FE814ED31AD9D1E5007947FD /* ViewController.m */; };
		FE814ED71AD9D1E5007947FD /* Main.storyboard in Resources */ = {isa = PBXBuildFile; fileRef = FE814ED51AD9D1E5007947FD /* Main.storyboard */; };
		FE814ED91AD9D1E5007947FD /* Images.xcassets in Resources */ = {isa = PBXBuildFile; fileRef = FE814ED81AD9D1E5007947FD /* Images.xcassets */; };
		FE814EDC1AD9D1E5007947FD /* LaunchScreen.xib in Resources */ = {isa = PBXBuildFile; fileRef = FE814EDA1AD9D1E5007947FD /* LaunchScreen.xib */; };
		FE814EE81AD9D1E6007947FD /* OCRTests.m in Sources */ = {isa = PBXBuildFile; fileRef = FE814EE71AD9D1E6007947FD /* OCRTests.m */; };
/* End PBXBuildFile section */

/* Begin PBXContainerItemProxy section */
		FE814EE21AD9D1E6007947FD /* PBXContainerItemProxy */ = {
			isa = PBXContainerItemProxy;
			containerPortal = FE814EC01AD9D1E5007947FD /* Project object */;
			proxyType = 1;
			remoteGlobalIDString = FE814EC71AD9D1E5007947FD;
			remoteInfo = OCR;
		};
/* End PBXContainerItemProxy section */

/* Begin PBXFileReference section */
		FE814EC81AD9D1E5007947FD /* OCR.app */ = {isa = PBXFileReference; explicitFileType = wrapper.application; includeInIndex = 0; path = OCR.app; sourceTree = BUILT_PRODUCTS_DIR; };
		FE814ECC1AD9D1E5007947FD /* Info.plist */ = {isa = PBXFileReference; lastKnownFileType = text.plist.xml; path = Info.plist; sourceTree = "<group>"; };
		FE814ECD1AD9D1E5007947FD /* main.m */ = {isa = PBXFileReference; lastKnownFileType = sourcecode.c.objc; path = main.m; sourceTree = "<group>"; };
		FE814ECF1AD9D1E5007947FD /* AppDelegate.h */ = {isa = PBXFileReference; lastKnownFileType = sourcecode.c.h; path = AppDelegate.h; sourceTree = "<group>"; };
		FE814ED01AD9D1E5007947FD /* AppDelegate.m */ = {isa = PBXFileReference; lastKnownFileType = sourcecode.c.objc; path = AppDelegate.m; sourceTree = "<group>"; };
		FE814ED21AD9D1E5007947FD /* ViewController.h */ = {isa = PBXFileReference; lastKnownFileType = sourcecode.c.h; path = ViewController.h; sourceTree = "<group>"; };
		FE814ED31AD9D1E5007947FD /* ViewController.m */ = {isa = PBXFileReference; lastKnownFileType = sourcecode.c.objc; path = ViewController.m; sourceTree = "<group>"; };
		FE814ED61AD9D1E5007947FD /* Base */ = {isa = PBXFileReference; lastKnownFileType = file.storyboard; name = Base; path = Base.lproj/Main.storyboard; sourceTree = "<group>"; };
		FE814ED81AD9D1E5007947FD /* Images.xcassets */ = {isa = PBXFileReference; lastKnownFileType = folder.assetcatalog; path = Images.xcassets; sourceTree = "<group>"; };
		FE814EDB1AD9D1E5007947FD /* Base */ = {isa = PBXFileReference; lastKnownFileType = file.xib; name = Base; path = Base.lproj/LaunchScreen.xib; sourceTree = "<group>"; };
		FE814EE11AD9D1E6007947FD /* OCRTests.xctest */ = {isa = PBXFileReference; explicitFileType = wrapper.cfbundle; includeInIndex = 0; path = OCRTests.xctest; sourceTree = BUILT_PRODUCTS_DIR; };
		FE814EE61AD9D1E6007947FD /* Info.plist */ = {isa = PBXFileReference; lastKnownFileType = text.plist.xml; path = Info.plist; sourceTree = "<group>"; };
		FE814EE71AD9D1E6007947FD /* OCRTests.m */ = {isa = PBXFileReference; lastKnownFileType = sourcecode.c.objc; path = OCRTests.m; sourceTree = "<group>"; };
/* End PBXFileReference section */

/* Begin PBXFrameworksBuildPhase section */
		FE814EC51AD9D1E5007947FD /* Frameworks */ = {
			isa = PBXFrameworksBuildPhase;
			buildActionMask = 2147483647;
			files = (
			);
			runOnlyForDeploymentPostprocessing = 0;
		};
		FE814EDE1AD9D1E6007947FD /* Frameworks */ = {
			isa = PBXFrameworksBuildPhase;
			buildActionMask = 2147483647;
			files = (
			);
			runOnlyForDeploymentPostprocessing = 0;
		};
/* End PBXFrameworksBuildPhase section */

/* Begin PBXGroup section */
		FE814EBF1AD9D1E5007947FD = {
			isa = PBXGroup;
			children = (
				FE814ECA1AD9D1E5007947FD /* OCR */,
				FE814EE41AD9D1E6007947FD /* OCRTests */,
				FE814EC91AD9D1E5007947FD /* Products */,
			);
			sourceTree = "<group>";
		};
		FE814EC91AD9D1E5007947FD /* Products */ = {
			isa = PBXGroup;
			children = (
				FE814EC81AD9D1E5007947FD /* OCR.app */,
				FE814EE11AD9D1E6007947FD /* OCRTests.xctest */,
			);
			name = Products;
			sourceTree = "<group>";
		};
		FE814ECA1AD9D1E5007947FD /* OCR */ = {
			isa = PBXGroup;
			children = (
				FE814ECF1AD9D1E5007947FD /* AppDelegate.h */,
				FE814ED01AD9D1E5007947FD /* AppDelegate.m */,
				FE814ED21AD9D1E5007947FD /* ViewController.h */,
				FE814ED31AD9D1E5007947FD /* ViewController.m */,
				FE814ED51AD9D1E5007947FD /* Main.storyboard */,
				FE814ED81AD9D1E5007947FD /* Images.xcassets */,
				FE814EDA1AD9D1E5007947FD /* LaunchScreen.xib */,
				FE814ECB1AD9D1E5007947FD /* Supporting Files */,
			);
			path = OCR;
			sourceTree = "<group>";
		};
		FE814ECB1AD9D1E5007947FD /* Supporting Files */ = {
			isa = PBXGroup;
			children = (
				FE814ECC1AD9D1E5007947FD /* Info.plist */,
				FE814ECD1AD9D1E5007947FD /* main.m */,
			);
			name = "Supporting Files";
			sourceTree = "<group>";
		};
		FE814EE41AD9D1E6007947FD /* OCRTests */ = {
			isa = PBXGroup;
			children = (
				FE814EE71AD9D1E6007947FD /* OCRTests.m */,
				FE814EE51AD9D1E6007947FD /* Supporting Files */,
			);
			path = OCRTests;
			sourceTree = "<group>";
		};
		FE814EE51AD9D1E6007947FD /* Supporting Files */ = {
			isa = PBXGroup;
			children = (
				FE814EE61AD9D1E6007947FD /* Info.plist */,
			);
			name = "Supporting Files";
			sourceTree = "<group>";
		};
/* End PBXGroup section */

/* Begin PBXNativeTarget section */
		FE814EC71AD9D1E5007947FD /* OCR */ = {
			isa = PBXNativeTarget;
			buildConfigurationList = FE814EEB1AD9D1E6007947FD /* Build configuration list for PBXNativeTarget "OCR" */;
			buildPhases = (
				FE814EC41AD9D1E5007947FD /* Sources */,
				FE814EC51AD9D1E5007947FD /* Frameworks */,
				FE814EC61AD9D1E5007947FD /* Resources */,
			);
			buildRules = (
			);
			dependencies = (
			);
			name = OCR;
			productName = OCR;
			productReference = FE814EC81AD9D1E5007947FD /* OCR.app */;
			productType = "com.apple.product-type.application";
		};
		FE814EE01AD9D1E6007947FD /* OCRTests */ = {
			isa = PBXNativeTarget;
			buildConfigurationList = FE814EEE1AD9D1E6007947FD /* Build configuration list for PBXNativeTarget "OCRTests" */;
			buildPhases = (
				FE814EDD1AD9D1E6007947FD /* Sources */,
				FE814EDE1AD9D1E6007947FD /* Frameworks */,
				FE814EDF1AD9D1E6007947FD /* Resources */,
			);
			buildRules = (
			);
			dependencies = (
				FE814EE31AD9D1E6007947FD /* PBXTargetDependency */,
			);
			name = OCRTests;
			productName = OCRTests;
			productReference = FE814EE11AD9D1E6007947FD /* OCRTests.xctest */;
			productType = "com.apple.product-type.bundle.unit-test";
		};
/* End PBXNativeTarget section */

/* Begin PBXProject section */
		FE814EC01AD9D1E5007947FD /* Project object */ = {
			isa = PBXProject;
			attributes = {
				LastUpgradeCheck = 0620;
				ORGANIZATIONNAME = huijinghuang;
				TargetAttributes = {
					FE814EC71AD9D1E5007947FD = {
						CreatedOnToolsVersion = 6.2;
					};
					FE814EE01AD9D1E6007947FD = {
						CreatedOnToolsVersion = 6.2;
						TestTargetID = FE814EC71AD9D1E5007947FD;
					};
				};
			};
			buildConfigurationList = FE814EC31AD9D1E5007947FD /* Build configuration list for PBXProject "OCR" */;
			compatibilityVersion = "Xcode 3.2";
			developmentRegion = English;
			hasScannedForEncodings = 0;
			knownRegions = (
				en,
				Base,
			);
			mainGroup = FE814EBF1AD9D1E5007947FD;
			productRefGroup = FE814EC91AD9D1E5007947FD /* Products */;
			projectDirPath = "";
			projectRoot = "";
			targets = (
				FE814EC71AD9D1E5007947FD /* OCR */,
				FE814EE01AD9D1E6007947FD /* OCRTests */,
			);
		};
/* End PBXProject section */

/* Begin PBXResourcesBuildPhase section */
		FE814EC61AD9D1E5007947FD /* Resources */ = {
			isa = PBXResourcesBuildPhase;
			buildActionMask = 2147483647;
			files = (
				FE814ED71AD9D1E5007947FD /* Main.storyboard in Resources */,
				FE814EDC1AD9D1E5007947FD /* LaunchScreen.xib in Resources */,
				FE814ED91AD9D1E5007947FD /* Images.xcassets in Resources */,
			);
			runOnlyForDeploymentPostprocessing = 0;
		};
		FE814EDF1AD9D1E6007947FD /* Resources */ = {
			isa = PBXResourcesBuildPhase;
			buildActionMask = 2147483647;
			files = (
			);
			runOnlyForDeploymentPostprocessing = 0;
		};
/* End PBXResourcesBuildPhase section */

/* Begin PBXSourcesBuildPhase section */
		FE814EC41AD9D1E5007947FD /* Sources */ = {
			isa = PBXSourcesBuildPhase;
			buildActionMask = 2147483647;
			files = (
				FE814ED41AD9D1E5007947FD /* ViewController.m in Sources */,
				FE814ED11AD9D1E5007947FD /* AppDelegate.m in Sources */,
				FE814ECE1AD9D1E5007947FD /* main.m in Sources */,
			);
			runOnlyForDeploymentPostprocessing = 0;
		};
		FE814EDD1AD9D1E6007947FD /* Sources */ = {
			isa = PBXSourcesBuildPhase;
			buildActionMask = 2147483647;
			files = (
				FE814EE81AD9D1E6007947FD /* OCRTests.m in Sources */,
			);
			runOnlyForDeploymentPostprocessing = 0;
		};
/* End PBXSourcesBuildPhase section */

/* Begin PBXTargetDependency section */
		FE814EE31AD9D1E6007947FD /* PBXTargetDependency */ = {
			isa = PBXTargetDependency;
			target = FE814EC71AD9D1E5007947FD /* OCR */;
			targetProxy = FE814EE21AD9D1E6007947FD /* PBXContainerItemProxy */;
		};
/* End PBXTargetDependency section */

/* Begin PBXVariantGroup section */
		FE814ED51AD9D1E5007947FD /* Main.storyboard */ = {
			isa = PBXVariantGroup;
			children = (
				FE814ED61AD9D1E5007947FD /* Base */,
			);
			name = Main.storyboard;
			sourceTree = "<group>";
		};
		FE814EDA1AD9D1E5007947FD /* LaunchScreen.xib */ = {
			isa = PBXVariantGroup;
			children = (
				FE814EDB1AD9D1E5007947FD /* Base */,
			);
			name = LaunchScreen.xib;
			sourceTree = "<group>";
		};
/* End PBXVariantGroup section */

/* Begin XCBuildConfiguration section */
		FE814EE91AD9D1E6007947FD /* Debug */ = {
			isa = XCBuildConfiguration;
			buildSettings = {
				ALWAYS_SEARCH_USER_PATHS = NO;
				CLANG_CXX_LANGUAGE_STANDARD = "gnu++0x";
				CLANG_CXX_LIBRARY = "libc++";
				CLANG_ENABLE_MODULES = YES;
				CLANG_ENABLE_OBJC_ARC = YES;
				CLANG_WARN_BOOL_CONVERSION = YES;
				CLANG_WARN_CONSTANT_CONVERSION = YES;
				CLANG_WARN_DIRECT_OBJC_ISA_USAGE = YES_ERROR;
				CLANG_WARN_EMPTY_BODY = YES;
				CLANG_WARN_ENUM_CONVERSION = YES;
				CLANG_WARN_INT_CONVERSION = YES;
				CLANG_WARN_OBJC_ROOT_CLASS = YES_ERROR;
				CLANG_WARN_UNREACHABLE_CODE = YES;
				CLANG_WARN__DUPLICATE_METHOD_MATCH = YES;
				"CODE_SIGN_IDENTITY[sdk=iphoneos*]" = "iPhone Developer";
				COPY_PHASE_STRIP = NO;
				ENABLE_STRICT_OBJC_MSGSEND = YES;
				GCC_C_LANGUAGE_STANDARD = gnu99;
				GCC_DYNAMIC_NO_PIC = NO;
				GCC_OPTIMIZATION_LEVEL = 0;
				GCC_PREPROCESSOR_DEFINITIONS = (
					"DEBUG=1",
					"$(inherited)",
				);
				GCC_SYMBOLS_PRIVATE_EXTERN = NO;
				GCC_WARN_64_TO_32_BIT_CONVERSION = YES;
				GCC_WARN_ABOUT_RETURN_TYPE = YES_ERROR;
				GCC_WARN_UNDECLARED_SELECTOR = YES;
				GCC_WARN_UNINITIALIZED_AUTOS = YES_AGGRESSIVE;
				GCC_WARN_UNUSED_FUNCTION = YES;
				GCC_WARN_UNUSED_VARIABLE = YES;
				IPHONEOS_DEPLOYMENT_TARGET = 8.2;
				MTL_ENABLE_DEBUG_INFO = YES;
				ONLY_ACTIVE_ARCH = YES;
				SDKROOT = iphoneos;
				TARGETED_DEVICE_FAMILY = 2;
			};
			name = Debug;
		};
		FE814EEA1AD9D1E6007947FD /* Release */ = {
			isa = XCBuildConfiguration;
			buildSettings = {
				ALWAYS_SEARCH_USER_PATHS = NO;
				CLANG_CXX_LANGUAGE_STANDARD = "gnu++0x";
				CLANG_CXX_LIBRARY = "libc++";
				CLANG_ENABLE_MODULES = YES;
				CLANG_ENABLE_OBJC_ARC = YES;
				CLANG_WARN_BOOL_CONVERSION = YES;
				CLANG_WARN_CONSTANT_CONVERSION = YES;
				CLANG_WARN_DIRECT_OBJC_ISA_USAGE = YES_ERROR;
				CLANG_WARN_EMPTY_BODY = YES;
				CLANG_WARN_ENUM_CONVERSION = YES;
				CLANG_WARN_INT_CONVERSION = YES;
				CLANG_WARN_OBJC_ROOT_CLASS = YES_ERROR;
				CLANG_WARN_UNREACHABLE_CODE = YES;
				CLANG_WARN__DUPLICATE_METHOD_MATCH = YES;
				"CODE_SIGN_IDENTITY[sdk=iphoneos*]" = "iPhone Developer";
				COPY_PHASE_STRIP = NO;
				ENABLE_NS_ASSERTIONS = NO;
				ENABLE_STRICT_OBJC_MSGSEND = YES;
				GCC_C_LANGUAGE_STANDARD = gnu99;
				GCC_WARN_64_TO_32_BIT_CONVERSION = YES;
				GCC_WARN_ABOUT_RETURN_TYPE = YES_ERROR;
				GCC_WARN_UNDECLARED_SELECTOR = YES;
				GCC_WARN_UNINITIALIZED_AUTOS = YES_AGGRESSIVE;
				GCC_WARN_UNUSED_FUNCTION = YES;
				GCC_WARN_UNUSED_VARIABLE = YES;
				IPHONEOS_DEPLOYMENT_TARGET = 8.2;
				MTL_ENABLE_DEBUG_INFO = NO;
				SDKROOT = iphoneos;
				TARGETED_DEVICE_FAMILY = 2;
				VALIDATE_PRODUCT = YES;
			};
			name = Release;
		};
		FE814EEC1AD9D1E6007947FD /* Debug */ = {
			isa = XCBuildConfiguration;
			buildSettings = {
				ASSETCATALOG_COMPILER_APPICON_NAME = AppIcon;
				INFOPLIST_FILE = OCR/Info.plist;
				LD_RUNPATH_SEARCH_PATHS = "$(inherited) @executable_path/Frameworks";
				PRODUCT_NAME = "$(TARGET_NAME)";
			};
			name = Debug;
		};
		FE814EED1AD9D1E6007947FD /* Release */ = {
			isa = XCBuildConfiguration;
			buildSettings = {
				ASSETCATALOG_COMPILER_APPICON_NAME = AppIcon;
				INFOPLIST_FILE = OCR/Info.plist;
				LD_RUNPATH_SEARCH_PATHS = "$(inherited) @executable_path/Frameworks";
				PRODUCT_NAME = "$(TARGET_NAME)";
			};
			name = Release;
		};
		FE814EEF1AD9D1E6007947FD /* Debug */ = {
			isa = XCBuildConfiguration;
			buildSettings = {
				BUNDLE_LOADER = "$(TEST_HOST)";
				FRAMEWORK_SEARCH_PATHS = (
					"$(SDKROOT)/Developer/Library/Frameworks",
					"$(inherited)",
				);
				GCC_PREPROCESSOR_DEFINITIONS = (
					"DEBUG=1",
					"$(inherited)",
				);
				INFOPLIST_FILE = OCRTests/Info.plist;
				LD_RUNPATH_SEARCH_PATHS = "$(inherited) @executable_path/Frameworks @loader_path/Frameworks";
				PRODUCT_NAME = "$(TARGET_NAME)";
				TEST_HOST = "$(BUILT_PRODUCTS_DIR)/OCR.app/OCR";
			};
			name = Debug;
		};
		FE814EF01AD9D1E6007947FD /* Release */ = {
			isa = XCBuildConfiguration;
			buildSettings = {
				BUNDLE_LOADER = "$(TEST_HOST)";
				FRAMEWORK_SEARCH_PATHS = (
					"$(SDKROOT)/Developer/Library/Frameworks",
					"$(inherited)",
				);
				INFOPLIST_FILE = OCRTests/Info.plist;
				LD_RUNPATH_SEARCH_PATHS = "$(inherited) @executable_path/Frameworks @loader_path/Frameworks";
				PRODUCT_NAME = "$(TARGET_NAME)";
				TEST_HOST = "$(BUILT_PRODUCTS_DIR)/OCR.app/OCR";
			};
			name = Release;
		};
/* End XCBuildConfiguration section */

/* Begin XCConfigurationList section */
		FE814EC31AD9D1E5007947FD /* Build configuration list for PBXProject "OCR" */ = {
			isa = XCConfigurationList;
			buildConfigurations = (
				FE814EE91AD9D1E6007947FD /* Debug */,
				FE814EEA1AD9D1E6007947FD /* Release */,
			);
			defaultConfigurationIsVisible = 0;
			defaultConfigurationName = Release;
		};
		FE814EEB1AD9D1E6007947FD /* Build configuration list for PBXNativeTarget "OCR" */ = {
			isa = XCConfigurationList;
			buildConfigurations = (
				FE814EEC1AD9D1E6007947FD /* Debug */,
				FE814EED1AD9D1E6007947FD /* Release */,
			);
			defaultConfigurationIsVisible = 0;
		};
		FE814EEE1AD9D1E6007947FD /* Build configuration list for PBXNativeTarget "OCRTests" */ = {
			isa = XCConfigurationList;
			buildConfigurations = (
				FE814EEF1AD9D1E6007947FD /* Debug */,
				FE814EF01AD9D1E6007947FD /* Release */,
			);
			defaultConfigurationIsVisible = 0;
		};
/* End XCConfigurationList section */
	};
	rootObject = FE814EC01AD9D1E5007947FD /* Project object */;
}
